{
  "version": 4,
  "terraform_version": "1.14.0",
  "serial": 5,
  "lineage": "b98c8368-5c3c-446a-3a5a-1eebdbd6cf37",
  "outputs": {
    "connection_name": {
      "value": "my-cloudrun-project-478314:us-central1:toy-store-terra",
      "type": "string"
    },
    "database_name": {
      "value": "toy_store",
      "type": "string"
    },
    "db_user": {
      "value": "toy_user",
      "type": "string"
    }
  },
  "resources": [
    {
      "mode": "managed",
      "type": "google_sql_database",
      "name": "toy_store_terra_db",
      "provider": "provider[\"registry.terraform.io/hashicorp/google\"]",
      "instances": [
        {
          "schema_version": 0,
          "attributes": {
            "charset": "UTF8",
            "collation": "en_US.UTF8",
            "deletion_policy": "DELETE",
            "id": "projects/my-cloudrun-project-478314/instances/toy-store-terra/databases/toy_store",
            "instance": "toy-store-terra",
            "name": "toy_store",
            "project": "my-cloudrun-project-478314",
            "self_link": "https://sqladmin.googleapis.com/sql/v1beta4/projects/my-cloudrun-project-478314/instances/toy-store-terra/databases/toy_store",
            "timeouts": null
          },
          "sensitive_attributes": [],
          "identity_schema_version": 0,
          "private": "eyJlMmJmYjczMC1lY2FhLTExZTYtOGY4OC0zNDM2M2JjN2M0YzAiOnsiY3JlYXRlIjoxMjAwMDAwMDAwMDAwLCJkZWxldGUiOjEyMDAwMDAwMDAwMDAsInVwZGF0ZSI6MTIwMDAwMDAwMDAwMH19",
          "dependencies": [
            "google_sql_database_instance.toy_store_instance_terra"
          ]
        }
      ]
    },
    {
      "mode": "managed",
      "type": "google_sql_database_instance",
      "name": "toy_store_instance_terra",
      "provider": "provider[\"registry.terraform.io/hashicorp/google\"]",
      "instances": [
        {
          "schema_version": 0,
          "attributes": {
            "available_maintenance_versions": [],
            "clone": [],
            "connection_name": "my-cloudrun-project-478314:us-central1:toy-store-terra",
            "database_version": "POSTGRES_15",
            "deletion_protection": true,
            "dns_name": "",
            "encryption_key_name": null,
            "first_ip_address": "136.116.224.45",
            "id": "toy-store-terra",
            "instance_type": "CLOUD_SQL_INSTANCE",
            "ip_address": [
              {
                "ip_address": "136.116.224.45",
                "time_to_retire": "",
                "type": "PRIMARY"
              },
              {
                "ip_address": "34.59.86.129",
                "time_to_retire": "",
                "type": "OUTGOING"
              }
            ],
            "maintenance_version": "POSTGRES_15_15.R20251004.01_19",
            "master_instance_name": "",
            "name": "toy-store-terra",
            "private_ip_address": "",
            "project": "my-cloudrun-project-478314",
            "psc_service_attachment_link": "",
            "public_ip_address": "136.116.224.45",
            "region": "us-central1",
            "replica_configuration": [],
            "restore_backup_context": [],
            "root_password": null,
            "self_link": "https://sqladmin.googleapis.com/sql/v1beta4/projects/my-cloudrun-project-478314/instances/toy-store-terra",
            "server_ca_cert": [
              {
                "cert": "-----BEGIN CERTIFICATE-----\nMIIDfzCCAmegAwIBAgIBADANBgkqhkiG9w0BAQsFADB3MS0wKwYDVQQuEyQ3YTg5\nMmM0ZC1hNWRhLTRmZWUtOGIzNC0zYjliMWY1YzJjYWQxIzAhBgNVBAMTGkdvb2ds\nZSBDbG91ZCBTUUwgU2VydmVyIENBMRQwEgYDVQQKEwtHb29nbGUsIEluYzELMAkG\nA1UEBhMCVVMwHhcNMjUxMTMwMTgwNTUxWhcNMzUxMTI4MTgwNjUxWjB3MS0wKwYD\nVQQuEyQ3YTg5MmM0ZC1hNWRhLTRmZWUtOGIzNC0zYjliMWY1YzJjYWQxIzAhBgNV\nBAMTGkdvb2dsZSBDbG91ZCBTUUwgU2VydmVyIENBMRQwEgYDVQQKEwtHb29nbGUs\nIEluYzELMAkGA1UEBhMCVVMwggEiMA0GCSqGSIb3DQEBAQUAA4IBDwAwggEKAoIB\nAQC3v6jyVWb8D4MU6nF7LaLdPcLBWdNv3oYFFHYkh7KB38JxTCWMMUjYpGYidyj7\n3gMt4QyP3sBqXfIk0blgZMKAGm63VX7VPvaQ2I9udbm9BhEP6uhOZ1oDRtdWgNhm\nqgu2w5YrvPhbV/TXuy2dNsimxROQorwC5fHAYt4UdNkQKmbYi3BYtPu5kNRCGXvn\n5cZjkPAlTdu4AFfa+ra63pnxXiW3V0mJnzytvAGE7W9GmZ2IgI7FtNTwNWvD6ljl\ni/tvj4EDmksYH78wFaxTydfWiPby6F/Z2bZF/Iv5+PDI1/naGM+yVIMYMN0dAGF1\nbcg2TAGO5XF/Wrpz3b+EEMUFAgMBAAGjFjAUMBIGA1UdEwEB/wQIMAYBAf8CAQAw\nDQYJKoZIhvcNAQELBQADggEBAGnPLu+9eUZQFmz+6i5mMjM8xdt7kCun5jeY915l\nruLkpvWJGzA5CFMr9a1344Z9M/ZA/oWBmpgq6uILI4va1m5iwlKWSj8gFhxBX3DM\n+q+n4MldYFJ6kElbdEAVuoPG4wRzOYWIzhPgKCeUbpCmZCKuQtS65oV6Agx8AGPM\ny7MUmmecUUpJgCA8kdYKmvVeA2GBwBerdBzteCEC/ONc6NAZebhV96pmpkSF2MaI\nn4cNhNTb9IS80vYJlQvaadHEyi/NyvKvGrCOpEBpB14DyqLsnRUtpfO500mdGWDI\nwlo/wNzy05byPvijljUUMxgQR8UKi8cMQyfvQCtYddmb81c=\n-----END CERTIFICATE-----",
                "common_name": "C=US,O=Google\\, Inc,CN=Google Cloud SQL Server CA,dnQualifier=7a892c4d-a5da-4fee-8b34-3b9b1f5c2cad",
                "create_time": "2025-11-30T18:05:51.119Z",
                "expiration_time": "2035-11-28T18:06:51.119Z",
                "sha1_fingerprint": "9f10415b5628b804362402d175e1ff9135db501c"
              }
            ],
            "service_account_email_address": "p804594744716-0n7wuj@gcp-sa-cloud-sql.iam.gserviceaccount.com",
            "settings": [
              {
                "activation_policy": "ALWAYS",
                "active_directory_config": [],
                "advanced_machine_features": [],
                "availability_type": "ZONAL",
                "backup_configuration": [
                  {
                    "backup_retention_settings": [
                      {
                        "retained_backups": 7,
                        "retention_unit": "COUNT"
                      }
                    ],
                    "binary_log_enabled": false,
                    "enabled": false,
                    "location": "",
                    "point_in_time_recovery_enabled": false,
                    "start_time": "16:00",
                    "transaction_log_retention_days": 7
                  }
                ],
                "collation": "",
                "connector_enforcement": "NOT_REQUIRED",
                "data_cache_config": [],
                "database_flags": [],
                "deletion_protection_enabled": false,
                "deny_maintenance_period": [],
                "disk_autoresize": true,
                "disk_autoresize_limit": 0,
                "disk_size": 10,
                "disk_type": "PD_SSD",
                "edition": "ENTERPRISE",
                "enable_dataplex_integration": false,
                "enable_google_ml_integration": false,
                "insights_config": [],
                "ip_configuration": [
                  {
                    "allocated_ip_range": "",
                    "authorized_networks": [],
                    "enable_private_path_for_google_cloud_services": false,
                    "ipv4_enabled": true,
                    "private_network": "",
                    "psc_config": [],
                    "require_ssl": false,
                    "server_ca_mode": "GOOGLE_MANAGED_INTERNAL_CA",
                    "ssl_mode": ""
                  }
                ],
                "location_preference": [
                  {
                    "follow_gae_application": "",
                    "secondary_zone": "",
                    "zone": "us-central1-c"
                  }
                ],
                "maintenance_window": [],
                "password_validation_policy": [],
                "pricing_plan": "PER_USE",
                "sql_server_audit_config": [],
                "tier": "db-f1-micro",
                "time_zone": "",
                "user_labels": {},
                "version": 1
              }
            ],
            "timeouts": null
          },
          "sensitive_attributes": [
            [
              {
                "type": "get_attr",
                "value": "root_password"
              }
            ],
            [
              {
                "type": "get_attr",
                "value": "server_ca_cert"
              }
            ]
          ],
          "identity_schema_version": 0,
          "private": "eyJlMmJmYjczMC1lY2FhLTExZTYtOGY4OC0zNDM2M2JjN2M0YzAiOnsiY3JlYXRlIjo1NDAwMDAwMDAwMDAwLCJkZWxldGUiOjU0MDAwMDAwMDAwMDAsInVwZGF0ZSI6NTQwMDAwMDAwMDAwMH19"
        }
      ]
    },
    {
      "mode": "managed",
      "type": "google_sql_user",
      "name": "toy_terra_user",
      "provider": "provider[\"registry.terraform.io/hashicorp/google\"]",
      "instances": [
        {
          "schema_version": 1,
          "attributes": {
            "deletion_policy": null,
            "host": "",
            "id": "toy_user//toy-store-terra",
            "instance": "toy-store-terra",
            "name": "toy_user",
            "password": "Toystore@123",
            "password_policy": [],
            "project": "my-cloudrun-project-478314",
            "sql_server_user_details": [],
            "timeouts": null,
            "type": ""
          },
          "sensitive_attributes": [
            [
              {
                "type": "get_attr",
                "value": "password"
              }
            ]
          ],
          "identity_schema_version": 0,
          "private": "eyJlMmJmYjczMC1lY2FhLTExZTYtOGY4OC0zNDM2M2JjN2M0YzAiOnsiY3JlYXRlIjo2MDAwMDAwMDAwMDAsImRlbGV0ZSI6NjAwMDAwMDAwMDAwLCJ1cGRhdGUiOjYwMDAwMDAwMDAwMH0sInNjaGVtYV92ZXJzaW9uIjoiMSJ9",
          "dependencies": [
            "google_sql_database_instance.toy_store_instance_terra"
          ]
        }
      ]
    }
  ],
  "check_results": null
}
